
Microsoft Visual Studio Solution File, Format Version 12.00
# Visual Studio 15
VisualStudioVersion = 15.0.28010.2019
MinimumVisualStudioVersion = 10.0.40219.1
Project("{FAE04EC0-301F-11D3-BF4B-00C04F79EFBC}") = "DataVendor", "DataVendor\DataVendor.csproj", "{D011A456-7D2F-428F-B11B-787EA935F4A7}"
EndProject
Project("{9A19103F-16F7-4668-BE54-9A1E7A4F7556}") = "Peter.Models", "Peter.Models\Peter.Models.csproj", "{B7E7989E-1619-4713-AF8A-CAD6B802D2A6}"
EndProject
Project("{FAE04EC0-301F-11D3-BF4B-00C04F79EFBC}") = "Peter.Repositories", "Peter.Repositories\Peter.Repositories.csproj", "{A72490E7-1652-4E9C-BBBF-61A7705C00C3}"
EndProject
Project("{FAE04EC0-301F-11D3-BF4B-00C04F79EFBC}") = "Models.UnitTests", "Models.UnitTests\Models.UnitTests.csproj", "{A77F5F70-346E-4F31-9AD3-E45FE0582AA9}"
EndProject
Project("{FAE04EC0-301F-11D3-BF4B-00C04F79EFBC}") = "Repositories.UnitTests", "Repositories.UnitTests\Repositories.UnitTests.csproj", "{42CCF141-CF4A-401E-B25F-6281D4DE7D16}"
EndProject
Project("{FAE04EC0-301F-11D3-BF4B-00C04F79EFBC}") = "RegistryManager", "RegistryManager\RegistryManager.csproj", "{3D9A1E73-B959-4E70-B512-3CC4CC6C30E3}"
EndProject
Project("{FAE04EC0-301F-11D3-BF4B-00C04F79EFBC}") = "AnalysesManager", "AnalysesManager\AnalysesManager.csproj", "{A2535EDE-CD01-4ECB-B445-4D6E9F3621E3}"
EndProject
Project("{FAE04EC0-301F-11D3-BF4B-00C04F79EFBC}") = "AnalysesManager.UnitTests", "AnalysesManager.UnitTests\AnalysesManager.UnitTests.csproj", "{A6EEB019-2B1D-4715-9157-92E9383E9DA0}"
EndProject
Global
	GlobalSection(SolutionConfigurationPlatforms) = preSolution
		Debug|Any CPU = Debug|Any CPU
		Release|Any CPU = Release|Any CPU
	EndGlobalSection
	GlobalSection(ProjectConfigurationPlatforms) = postSolution
		{D011A456-7D2F-428F-B11B-787EA935F4A7}.Debug|Any CPU.ActiveCfg = Debug|Any CPU
		{D011A456-7D2F-428F-B11B-787EA935F4A7}.Debug|Any CPU.Build.0 = Debug|Any CPU
		{D011A456-7D2F-428F-B11B-787EA935F4A7}.Release|Any CPU.ActiveCfg = Release|Any CPU
		{D011A456-7D2F-428F-B11B-787EA935F4A7}.Release|Any CPU.Build.0 = Release|Any CPU
		{B7E7989E-1619-4713-AF8A-CAD6B802D2A6}.Debug|Any CPU.ActiveCfg = Debug|Any CPU
		{B7E7989E-1619-4713-AF8A-CAD6B802D2A6}.Debug|Any CPU.Build.0 = Debug|Any CPU
		{B7E7989E-1619-4713-AF8A-CAD6B802D2A6}.Release|Any CPU.ActiveCfg = Release|Any CPU
		{B7E7989E-1619-4713-AF8A-CAD6B802D2A6}.Release|Any CPU.Build.0 = Release|Any CPU
		{A72490E7-1652-4E9C-BBBF-61A7705C00C3}.Debug|Any CPU.ActiveCfg = Debug|Any CPU
		{A72490E7-1652-4E9C-BBBF-61A7705C00C3}.Debug|Any CPU.Build.0 = Debug|Any CPU
		{A72490E7-1652-4E9C-BBBF-61A7705C00C3}.Release|Any CPU.ActiveCfg = Release|Any CPU
		{A72490E7-1652-4E9C-BBBF-61A7705C00C3}.Release|Any CPU.Build.0 = Release|Any CPU
		{A77F5F70-346E-4F31-9AD3-E45FE0582AA9}.Debug|Any CPU.ActiveCfg = Debug|Any CPU
		{A77F5F70-346E-4F31-9AD3-E45FE0582AA9}.Debug|Any CPU.Build.0 = Debug|Any CPU
		{A77F5F70-346E-4F31-9AD3-E45FE0582AA9}.Release|Any CPU.ActiveCfg = Release|Any CPU
		{A77F5F70-346E-4F31-9AD3-E45FE0582AA9}.Release|Any CPU.Build.0 = Release|Any CPU
		{42CCF141-CF4A-401E-B25F-6281D4DE7D16}.Debug|Any CPU.ActiveCfg = Debug|Any CPU
		{42CCF141-CF4A-401E-B25F-6281D4DE7D16}.Debug|Any CPU.Build.0 = Debug|Any CPU
		{42CCF141-CF4A-401E-B25F-6281D4DE7D16}.Release|Any CPU.ActiveCfg = Release|Any CPU
		{42CCF141-CF4A-401E-B25F-6281D4DE7D16}.Release|Any CPU.Build.0 = Release|Any CPU
		{3D9A1E73-B959-4E70-B512-3CC4CC6C30E3}.Debug|Any CPU.ActiveCfg = Debug|Any CPU
		{3D9A1E73-B959-4E70-B512-3CC4CC6C30E3}.Debug|Any CPU.Build.0 = Debug|Any CPU
		{3D9A1E73-B959-4E70-B512-3CC4CC6C30E3}.Release|Any CPU.ActiveCfg = Release|Any CPU
		{3D9A1E73-B959-4E70-B512-3CC4CC6C30E3}.Release|Any CPU.Build.0 = Release|Any CPU
		{A2535EDE-CD01-4ECB-B445-4D6E9F3621E3}.Debug|Any CPU.ActiveCfg = Debug|Any CPU
		{A2535EDE-CD01-4ECB-B445-4D6E9F3621E3}.Debug|Any CPU.Build.0 = Debug|Any CPU
		{A2535EDE-CD01-4ECB-B445-4D6E9F3621E3}.Release|Any CPU.ActiveCfg = Release|Any CPU
		{A2535EDE-CD01-4ECB-B445-4D6E9F3621E3}.Release|Any CPU.Build.0 = Release|Any CPU
		{A6EEB019-2B1D-4715-9157-92E9383E9DA0}.Debug|Any CPU.ActiveCfg = Debug|Any CPU
		{A6EEB019-2B1D-4715-9157-92E9383E9DA0}.Debug|Any CPU.Build.0 = Debug|Any CPU
		{A6EEB019-2B1D-4715-9157-92E9383E9DA0}.Release|Any CPU.ActiveCfg = Release|Any CPU
		{A6EEB019-2B1D-4715-9157-92E9383E9DA0}.Release|Any CPU.Build.0 = Release|Any CPU
	EndGlobalSection
	GlobalSection(SolutionProperties) = preSolution
		HideSolutionNode = FALSE
	EndGlobalSection
	GlobalSection(ExtensibilityGlobals) = postSolution
		SolutionGuid = {A9E2628C-6A9F-4E5E-BF87-CFED3D8FC723}
	EndGlobalSection
EndGlobal
